
Microsoft Visual Studio Solution File, Format Version 12.00
# Visual Studio 15
Project("{FAE04EC0-301F-11D3-BF4B-00C04F79EFBC}") = "Assembly-CSharp", "Assembly-CSharp.csproj", "{C83D2B14-061D-41F8-BF52-3F70C6EFB6F2}"
EndProject
Project("{FAE04EC0-301F-11D3-BF4B-00C04F79EFBC}") = "Assembly-CSharp-Editor", "Assembly-CSharp-Editor.csproj", "{F518C822-DEEF-6697-B391-2205A2F8BE57}"
EndProject
Global
	GlobalSection(SolutionConfigurationPlatforms) = preSolution
		Debug|Any CPU = Debug|Any CPU
		Release|Any CPU = Release|Any CPU
	EndGlobalSection
	GlobalSection(ProjectConfigurationPlatforms) = postSolution
		{C83D2B14-061D-41F8-BF52-3F70C6EFB6F2}.Debug|Any CPU.ActiveCfg = Debug|Any CPU
		{C83D2B14-061D-41F8-BF52-3F70C6EFB6F2}.Debug|Any CPU.Build.0 = Debug|Any CPU
		{C83D2B14-061D-41F8-BF52-3F70C6EFB6F2}.Release|Any CPU.ActiveCfg = Release|Any CPU
		{C83D2B14-061D-41F8-BF52-3F70C6EFB6F2}.Release|Any CPU.Build.0 = Release|Any CPU
		{F518C822-DEEF-6697-B391-2205A2F8BE57}.Debug|Any CPU.ActiveCfg = Debug|Any CPU
		{F518C822-DEEF-6697-B391-2205A2F8BE57}.Debug|Any CPU.Build.0 = Debug|Any CPU
		{F518C822-DEEF-6697-B391-2205A2F8BE57}.Release|Any CPU.ActiveCfg = Release|Any CPU
		{F518C822-DEEF-6697-B391-2205A2F8BE57}.Release|Any CPU.Build.0 = Release|Any CPU
	EndGlobalSection
	GlobalSection(SolutionProperties) = preSolution
		HideSolutionNode = FALSE
	EndGlobalSection
EndGlobal
